
Microsoft Visual Studio Solution File, Format Version 12.00
# Visual Studio Version 16
VisualStudioVersion = 16.0.29519.181
MinimumVisualStudioVersion = 10.0.40219.1
Project("{888888A0-9F3D-457C-B088-3A5042F75D52}") = "database", "database\database.pyproj", "{BF2AB225-9CEF-4145-8518-A34144F8D11C}"
EndProject
Global
	GlobalSection(SolutionConfigurationPlatforms) = preSolution
		Debug|Any CPU = Debug|Any CPU
		Release|Any CPU = Release|Any CPU
	EndGlobalSection
	GlobalSection(ProjectConfigurationPlatforms) = postSolution
		{BF2AB225-9CEF-4145-8518-A34144F8D11C}.Debug|Any CPU.ActiveCfg = Debug|Any CPU
		{BF2AB225-9CEF-4145-8518-A34144F8D11C}.Release|Any CPU.ActiveCfg = Release|Any CPU
	EndGlobalSection
	GlobalSection(SolutionProperties) = preSolution
		HideSolutionNode = FALSE
	EndGlobalSection
	GlobalSection(ExtensibilityGlobals) = postSolution
		SolutionGuid = {513D7010-BA90-4CDF-BC26-644CDBF56E6C}
	EndGlobalSection
EndGlobal
